
Microsoft Visual Studio Solution File, Format Version 12.00
# Visual Studio Version 16
VisualStudioVersion = 16.0.29926.136
MinimumVisualStudioVersion = 10.0.40219.1
Project("{FAE04EC0-301F-11D3-BF4B-00C04F79EFBC}") = "Functional Prototype", "Non Functional Prototype\Functional Prototype.csproj", "{FC90E5FB-3985-4785-86A6-38ED16994F14}"
EndProject
Global
	GlobalSection(SolutionConfigurationPlatforms) = preSolution
		Debug|Any CPU = Debug|Any CPU
		Release|Any CPU = Release|Any CPU
	EndGlobalSection
	GlobalSection(ProjectConfigurationPlatforms) = postSolution
		{FC90E5FB-3985-4785-86A6-38ED16994F14}.Debug|Any CPU.ActiveCfg = Debug|Any CPU
		{FC90E5FB-3985-4785-86A6-38ED16994F14}.Debug|Any CPU.Build.0 = Debug|Any CPU
		{FC90E5FB-3985-4785-86A6-38ED16994F14}.Release|Any CPU.ActiveCfg = Release|Any CPU
		{FC90E5FB-3985-4785-86A6-38ED16994F14}.Release|Any CPU.Build.0 = Release|Any CPU
	EndGlobalSection
	GlobalSection(SolutionProperties) = preSolution
		HideSolutionNode = FALSE
	EndGlobalSection
	GlobalSection(ExtensibilityGlobals) = postSolution
		SolutionGuid = {40ADE335-6399-4223-9D74-7E262FC5AC6B}
	EndGlobalSection
EndGlobal
